
Microsoft Visual Studio Solution File, Format Version 12.00
# Visual Studio Version 16
VisualStudioVersion = 16.0.31321.278
MinimumVisualStudioVersion = 10.0.40219.1
Project("{FAE04EC0-301F-11D3-BF4B-00C04F79EFBC}") = "Combate", "AulasCSharp\Combate.csproj", "{FD1DF42F-E491-4C36-8743-1D54D375B6DB}"
EndProject
Global
	GlobalSection(SolutionConfigurationPlatforms) = preSolution
		Debug|Any CPU = Debug|Any CPU
		Release|Any CPU = Release|Any CPU
	EndGlobalSection
	GlobalSection(ProjectConfigurationPlatforms) = postSolution
		{FD1DF42F-E491-4C36-8743-1D54D375B6DB}.Debug|Any CPU.ActiveCfg = Debug|Any CPU
		{FD1DF42F-E491-4C36-8743-1D54D375B6DB}.Debug|Any CPU.Build.0 = Debug|Any CPU
		{FD1DF42F-E491-4C36-8743-1D54D375B6DB}.Release|Any CPU.ActiveCfg = Release|Any CPU
		{FD1DF42F-E491-4C36-8743-1D54D375B6DB}.Release|Any CPU.Build.0 = Release|Any CPU
	EndGlobalSection
	GlobalSection(SolutionProperties) = preSolution
		HideSolutionNode = FALSE
	EndGlobalSection
	GlobalSection(ExtensibilityGlobals) = postSolution
		SolutionGuid = {3D72CEBE-56EF-4EA2-9EE0-694796610BC2}
	EndGlobalSection
EndGlobal
